// !$*UTF8*$!
{
	archiveVersion = 1;
	classes = {
	};
	objectVersion = 51;
	objects = {

/* Begin PBXBuildFile section */
		9746DE116E41668864D1E951 /* Pods_VIPER_Test.framework in Frameworks */ = {isa = PBXBuildFile; fileRef = FDCC93B1D3290BD8905838F2 /* Pods_VIPER_Test.framework */; };
		F1E842E522E6FF220088AA47 /* AppDelegate.swift in Sources */ = {isa = PBXBuildFile; fileRef = F1E842E422E6FF220088AA47 /* AppDelegate.swift */; };
		F1E842E722E6FF220088AA47 /* ViewController.swift in Sources */ = {isa = PBXBuildFile; fileRef = F1E842E622E6FF220088AA47 /* ViewController.swift */; };
		F1E842EA22E6FF220088AA47 /* Main.storyboard in Resources */ = {isa = PBXBuildFile; fileRef = F1E842E822E6FF220088AA47 /* Main.storyboard */; };
		F1E842EC22E6FF230088AA47 /* Assets.xcassets in Resources */ = {isa = PBXBuildFile; fileRef = F1E842EB22E6FF230088AA47 /* Assets.xcassets */; };
		F1E842EF22E6FF230088AA47 /* LaunchScreen.storyboard in Resources */ = {isa = PBXBuildFile; fileRef = F1E842ED22E6FF230088AA47 /* LaunchScreen.storyboard */; };
		F1E842F822E701110088AA47 /* Protocols.swift in Sources */ = {isa = PBXBuildFile; fileRef = F1E842F722E701110088AA47 /* Protocols.swift */; };
		F1E842FB22E702CE0088AA47 /* News.swift in Sources */ = {isa = PBXBuildFile; fileRef = F1E842FA22E702CE0088AA47 /* News.swift */; };
		F1E842FD22E70C410088AA47 /* Constants.swift in Sources */ = {isa = PBXBuildFile; fileRef = F1E842FC22E70C410088AA47 /* Constants.swift */; };
		F1E8430022E70F970088AA47 /* Interactor.swift in Sources */ = {isa = PBXBuildFile; fileRef = F1E842FF22E70F970088AA47 /* Interactor.swift */; };
		F1E8430322E745220088AA47 /* Presentor.swift in Sources */ = {isa = PBXBuildFile; fileRef = F1E8430222E745220088AA47 /* Presentor.swift */; };
		F1E8430522E7477C0088AA47 /* Router.swift in Sources */ = {isa = PBXBuildFile; fileRef = F1E8430422E7477C0088AA47 /* Router.swift */; };
/* End PBXBuildFile section */

/* Begin PBXFileReference section */
		A534F01232A576C2BF12955D /* Pods-VIPER Test.release.xcconfig */ = {isa = PBXFileReference; includeInIndex = 1; lastKnownFileType = text.xcconfig; name = "Pods-VIPER Test.release.xcconfig"; path = "Target Support Files/Pods-VIPER Test/Pods-VIPER Test.release.xcconfig"; sourceTree = "<group>"; };
		F1E842E122E6FF220088AA47 /* VIPER Test.app */ = {isa = PBXFileReference; explicitFileType = wrapper.application; includeInIndex = 0; path = "VIPER Test.app"; sourceTree = BUILT_PRODUCTS_DIR; };
		F1E842E422E6FF220088AA47 /* AppDelegate.swift */ = {isa = PBXFileReference; lastKnownFileType = sourcecode.swift; path = AppDelegate.swift; sourceTree = "<group>"; };
		F1E842E622E6FF220088AA47 /* ViewController.swift */ = {isa = PBXFileReference; lastKnownFileType = sourcecode.swift; path = ViewController.swift; sourceTree = "<group>"; };
		F1E842E922E6FF220088AA47 /* Base */ = {isa = PBXFileReference; lastKnownFileType = file.storyboard; name = Base; path = Base.lproj/Main.storyboard; sourceTree = "<group>"; };
		F1E842EB22E6FF230088AA47 /* Assets.xcassets */ = {isa = PBXFileReference; lastKnownFileType = folder.assetcatalog; path = Assets.xcassets; sourceTree = "<group>"; };
		F1E842EE22E6FF230088AA47 /* Base */ = {isa = PBXFileReference; lastKnownFileType = file.storyboard; name = Base; path = Base.lproj/LaunchScreen.storyboard; sourceTree = "<group>"; };
		F1E842F022E6FF230088AA47 /* Info.plist */ = {isa = PBXFileReference; lastKnownFileType = text.plist.xml; path = Info.plist; sourceTree = "<group>"; };
		F1E842F722E701110088AA47 /* Protocols.swift */ = {isa = PBXFileReference; lastKnownFileType = sourcecode.swift; path = Protocols.swift; sourceTree = "<group>"; };
		F1E842FA22E702CE0088AA47 /* News.swift */ = {isa = PBXFileReference; lastKnownFileType = sourcecode.swift; path = News.swift; sourceTree = "<group>"; };
		F1E842FC22E70C410088AA47 /* Constants.swift */ = {isa = PBXFileReference; lastKnownFileType = sourcecode.swift; path = Constants.swift; sourceTree = "<group>"; };
		F1E842FF22E70F970088AA47 /* Interactor.swift */ = {isa = PBXFileReference; lastKnownFileType = sourcecode.swift; path = Interactor.swift; sourceTree = "<group>"; };
		F1E8430222E745220088AA47 /* Presentor.swift */ = {isa = PBXFileReference; lastKnownFileType = sourcecode.swift; path = Presentor.swift; sourceTree = "<group>"; };
		F1E8430422E7477C0088AA47 /* Router.swift */ = {isa = PBXFileReference; lastKnownFileType = sourcecode.swift; path = Router.swift; sourceTree = "<group>"; };
		F2B6A3894E87E16EE6AFAC0C /* Pods-VIPER Test.debug.xcconfig */ = {isa = PBXFileReference; includeInIndex = 1; lastKnownFileType = text.xcconfig; name = "Pods-VIPER Test.debug.xcconfig"; path = "Target Support Files/Pods-VIPER Test/Pods-VIPER Test.debug.xcconfig"; sourceTree = "<group>"; };
		FDCC93B1D3290BD8905838F2 /* Pods_VIPER_Test.framework */ = {isa = PBXFileReference; explicitFileType = wrapper.framework; includeInIndex = 0; path = Pods_VIPER_Test.framework; sourceTree = BUILT_PRODUCTS_DIR; };
/* End PBXFileReference section */

/* Begin PBXFrameworksBuildPhase section */
		F1E842DE22E6FF220088AA47 /* Frameworks */ = {
			isa = PBXFrameworksBuildPhase;
			buildActionMask = 2147483647;
			files = (
				9746DE116E41668864D1E951 /* Pods_VIPER_Test.framework in Frameworks */,
			);
			runOnlyForDeploymentPostprocessing = 0;
		};
/* End PBXFrameworksBuildPhase section */

/* Begin PBXGroup section */
		1639F31E1C3D7E43CBE81882 /* Pods */ = {
			isa = PBXGroup;
			children = (
				F2B6A3894E87E16EE6AFAC0C /* Pods-VIPER Test.debug.xcconfig */,
				A534F01232A576C2BF12955D /* Pods-VIPER Test.release.xcconfig */,
			);
			path = Pods;
			sourceTree = "<group>";
		};
		B6C78ECD7E31E30D8DAD69B8 /* Frameworks */ = {
			isa = PBXGroup;
			children = (
				FDCC93B1D3290BD8905838F2 /* Pods_VIPER_Test.framework */,
			);
			name = Frameworks;
			sourceTree = "<group>";
		};
		F1E842D822E6FF220088AA47 = {
			isa = PBXGroup;
			children = (
				F1E842E322E6FF220088AA47 /* VIPER Test */,
				F1E842E222E6FF220088AA47 /* Products */,
				1639F31E1C3D7E43CBE81882 /* Pods */,
				B6C78ECD7E31E30D8DAD69B8 /* Frameworks */,
			);
			sourceTree = "<group>";
		};
		F1E842E222E6FF220088AA47 /* Products */ = {
			isa = PBXGroup;
			children = (
				F1E842E122E6FF220088AA47 /* VIPER Test.app */,
			);
			name = Products;
			sourceTree = "<group>";
		};
		F1E842E322E6FF220088AA47 /* VIPER Test */ = {
			isa = PBXGroup;
			children = (
				F1E842E422E6FF220088AA47 /* AppDelegate.swift */,
				F1E842FC22E70C410088AA47 /* Constants.swift */,
				F1E8430722E763380088AA47 /* View */,
				F1E8430622E747EE0088AA47 /* Router */,
				F1E842F622E700FA0088AA47 /* Protocols */,
				F1E8430122E7450A0088AA47 /* Presentor */,
				F1E842FE22E70F860088AA47 /* Interactor */,
				F1E842F922E702BE0088AA47 /* Entity */,
				F1E842E822E6FF220088AA47 /* Main.storyboard */,
				F1E842EB22E6FF230088AA47 /* Assets.xcassets */,
				F1E842ED22E6FF230088AA47 /* LaunchScreen.storyboard */,
				F1E842F022E6FF230088AA47 /* Info.plist */,
			);
			path = "VIPER Test";
			sourceTree = "<group>";
		};
		F1E842F622E700FA0088AA47 /* Protocols */ = {
			isa = PBXGroup;
			children = (
				F1E842F722E701110088AA47 /* Protocols.swift */,
			);
			path = Protocols;
			sourceTree = "<group>";
		};
		F1E842F922E702BE0088AA47 /* Entity */ = {
			isa = PBXGroup;
			children = (
				F1E842FA22E702CE0088AA47 /* News.swift */,
			);
			path = Entity;
			sourceTree = "<group>";
		};
		F1E842FE22E70F860088AA47 /* Interactor */ = {
			isa = PBXGroup;
			children = (
				F1E842FF22E70F970088AA47 /* Interactor.swift */,
			);
			path = Interactor;
			sourceTree = "<group>";
		};
		F1E8430122E7450A0088AA47 /* Presentor */ = {
			isa = PBXGroup;
			children = (
				F1E8430222E745220088AA47 /* Presentor.swift */,
			);
			path = Presentor;
			sourceTree = "<group>";
		};
		F1E8430622E747EE0088AA47 /* Router */ = {
			isa = PBXGroup;
			children = (
				F1E8430422E7477C0088AA47 /* Router.swift */,
			);
			path = Router;
			sourceTree = "<group>";
		};
		F1E8430722E763380088AA47 /* View */ = {
			isa = PBXGroup;
			children = (
				F1E842E622E6FF220088AA47 /* ViewController.swift */,
			);
			path = View;
			sourceTree = "<group>";
		};
/* End PBXGroup section */

/* Begin PBXNativeTarget section */
		F1E842E022E6FF220088AA47 /* VIPER Test */ = {
			isa = PBXNativeTarget;
			buildConfigurationList = F1E842F322E6FF230088AA47 /* Build configuration list for PBXNativeTarget "VIPER Test" */;
			buildPhases = (
				1441ED2F58945BF7437153AA /* [CP] Check Pods Manifest.lock */,
				F1E842DD22E6FF220088AA47 /* Sources */,
				F1E842DE22E6FF220088AA47 /* Frameworks */,
				F1E842DF22E6FF220088AA47 /* Resources */,
				1496E2BE1C8DCF02E9D6CA4D /* [CP] Embed Pods Frameworks */,
			);
			buildRules = (
			);
			dependencies = (
			);
			name = "VIPER Test";
			productName = "VIPER Test";
			productReference = F1E842E122E6FF220088AA47 /* VIPER Test.app */;
			productType = "com.apple.product-type.application";
		};
/* End PBXNativeTarget section */

/* Begin PBXProject section */
		F1E842D922E6FF220088AA47 /* Project object */ = {
			isa = PBXProject;
			attributes = {
				LastSwiftUpdateCheck = 1020;
				LastUpgradeCheck = 1020;
				ORGANIZATIONNAME = "Anton Yermakov";
				TargetAttributes = {
					F1E842E022E6FF220088AA47 = {
						CreatedOnToolsVersion = 10.2.1;
					};
				};
			};
			buildConfigurationList = F1E842DC22E6FF220088AA47 /* Build configuration list for PBXProject "VIPER Test" */;
			compatibilityVersion = "Xcode 9.3";
			developmentRegion = en;
			hasScannedForEncodings = 0;
			knownRegions = (
				en,
				Base,
			);
			mainGroup = F1E842D822E6FF220088AA47;
			productRefGroup = F1E842E222E6FF220088AA47 /* Products */;
			projectDirPath = "";
			projectRoot = "";
			targets = (
				F1E842E022E6FF220088AA47 /* VIPER Test */,
			);
		};
/* End PBXProject section */

/* Begin PBXResourcesBuildPhase section */
		F1E842DF22E6FF220088AA47 /* Resources */ = {
			isa = PBXResourcesBuildPhase;
			buildActionMask = 2147483647;
			files = (
				F1E842EF22E6FF230088AA47 /* LaunchScreen.storyboard in Resources */,
				F1E842EC22E6FF230088AA47 /* Assets.xcassets in Resources */,
				F1E842EA22E6FF220088AA47 /* Main.storyboard in Resources */,
			);
			runOnlyForDeploymentPostprocessing = 0;
		};
/* End PBXResourcesBuildPhase section */

/* Begin PBXShellScriptBuildPhase section */
		1441ED2F58945BF7437153AA /* [CP] Check Pods Manifest.lock */ = {
			isa = PBXShellScriptBuildPhase;
			buildActionMask = 2147483647;
			files = (
			);
			inputFileListPaths = (
			);
			inputPaths = (
				"${PODS_PODFILE_DIR_PATH}/Podfile.lock",
				"${PODS_ROOT}/Manifest.lock",
			);
			name = "[CP] Check Pods Manifest.lock";
			outputFileListPaths = (
			);
			outputPaths = (
				"$(DERIVED_FILE_DIR)/Pods-VIPER Test-checkManifestLockResult.txt",
			);
			runOnlyForDeploymentPostprocessing = 0;
			shellPath = /bin/sh;
			shellScript = "diff \"${PODS_PODFILE_DIR_PATH}/Podfile.lock\" \"${PODS_ROOT}/Manifest.lock\" > /dev/null\nif [ $? != 0 ] ; then\n    # print error to STDERR\n    echo \"error: The sandbox is not in sync with the Podfile.lock. Run 'pod install' or update your CocoaPods installation.\" >&2\n    exit 1\nfi\n# This output is used by Xcode 'outputs' to avoid re-running this script phase.\necho \"SUCCESS\" > \"${SCRIPT_OUTPUT_FILE_0}\"\n";
			showEnvVarsInLog = 0;
		};
		1496E2BE1C8DCF02E9D6CA4D /* [CP] Embed Pods Frameworks */ = {
			isa = PBXShellScriptBuildPhase;
			buildActionMask = 2147483647;
			files = (
			);
			inputFileListPaths = (
				"${PODS_ROOT}/Target Support Files/Pods-VIPER Test/Pods-VIPER Test-frameworks-${CONFIGURATION}-input-files.xcfilelist",
			);
			name = "[CP] Embed Pods Frameworks";
			outputFileListPaths = (
				"${PODS_ROOT}/Target Support Files/Pods-VIPER Test/Pods-VIPER Test-frameworks-${CONFIGURATION}-output-files.xcfilelist",
			);
			runOnlyForDeploymentPostprocessing = 0;
			shellPath = /bin/sh;
			shellScript = "\"${PODS_ROOT}/Target Support Files/Pods-VIPER Test/Pods-VIPER Test-frameworks.sh\"\n";
			showEnvVarsInLog = 0;
		};
/* End PBXShellScriptBuildPhase section */

/* Begin PBXSourcesBuildPhase section */
		F1E842DD22E6FF220088AA47 /* Sources */ = {
			isa = PBXSourcesBuildPhase;
			buildActionMask = 2147483647;
			files = (
				F1E8430522E7477C0088AA47 /* Router.swift in Sources */,
				F1E8430022E70F970088AA47 /* Interactor.swift in Sources */,
				F1E842FD22E70C410088AA47 /* Constants.swift in Sources */,
				F1E842F822E701110088AA47 /* Protocols.swift in Sources */,
				F1E842E722E6FF220088AA47 /* ViewController.swift in Sources */,
				F1E842FB22E702CE0088AA47 /* News.swift in Sources */,
				F1E842E522E6FF220088AA47 /* AppDelegate.swift in Sources */,
				F1E8430322E745220088AA47 /* Presentor.swift in Sources */,
			);
			runOnlyForDeploymentPostprocessing = 0;
		};
/* End PBXSourcesBuildPhase section */

/* Begin PBXVariantGroup section */
		F1E842E822E6FF220088AA47 /* Main.storyboard */ = {
			isa = PBXVariantGroup;
			children = (
				F1E842E922E6FF220088AA47 /* Base */,
			);
			name = Main.storyboard;
			sourceTree = "<group>";
		};
		F1E842ED22E6FF230088AA47 /* LaunchScreen.storyboard */ = {
			isa = PBXVariantGroup;
			children = (
				F1E842EE22E6FF230088AA47 /* Base */,
			);
			name = LaunchScreen.storyboard;
			sourceTree = "<group>";
		};
/* End PBXVariantGroup section */

/* Begin XCBuildConfiguration section */
		F1E842F122E6FF230088AA47 /* Debug */ = {
			isa = XCBuildConfiguration;
			buildSettings = {
				ALWAYS_SEARCH_USER_PATHS = NO;
				CLANG_ANALYZER_NONNULL = YES;
				CLANG_ANALYZER_NUMBER_OBJECT_CONVERSION = YES_AGGRESSIVE;
				CLANG_CXX_LANGUAGE_STANDARD = "gnu++14";
				CLANG_CXX_LIBRARY = "libc++";
				CLANG_ENABLE_MODULES = YES;
				CLANG_ENABLE_OBJC_ARC = YES;
				CLANG_ENABLE_OBJC_WEAK = YES;
				CLANG_WARN_BLOCK_CAPTURE_AUTORELEASING = YES;
				CLANG_WARN_BOOL_CONVERSION = YES;
				CLANG_WARN_COMMA = YES;
				CLANG_WARN_CONSTANT_CONVERSION = YES;
				CLANG_WARN_DEPRECATED_OBJC_IMPLEMENTATIONS = YES;
				CLANG_WARN_DIRECT_OBJC_ISA_USAGE = YES_ERROR;
				CLANG_WARN_DOCUMENTATION_COMMENTS = YES;
				CLANG_WARN_EMPTY_BODY = YES;
				CLANG_WARN_ENUM_CONVERSION = YES;
				CLANG_WARN_INFINITE_RECURSION = YES;
				CLANG_WARN_INT_CONVERSION = YES;
				CLANG_WARN_NON_LITERAL_NULL_CONVERSION = YES;
				CLANG_WARN_OBJC_IMPLICIT_RETAIN_SELF = YES;
				CLANG_WARN_OBJC_LITERAL_CONVERSION = YES;
				CLANG_WARN_OBJC_ROOT_CLASS = YES_ERROR;
				CLANG_WARN_RANGE_LOOP_ANALYSIS = YES;
				CLANG_WARN_STRICT_PROTOTYPES = YES;
				CLANG_WARN_SUSPICIOUS_MOVE = YES;
				CLANG_WARN_UNGUARDED_AVAILABILITY = YES_AGGRESSIVE;
				CLANG_WARN_UNREACHABLE_CODE = YES;
				CLANG_WARN__DUPLICATE_METHOD_MATCH = YES;
				CODE_SIGN_IDENTITY = "iPhone Developer";
				COPY_PHASE_STRIP = NO;
				DEBUG_INFORMATION_FORMAT = dwarf;
				ENABLE_STRICT_OBJC_MSGSEND = YES;
				ENABLE_TESTABILITY = YES;
				GCC_C_LANGUAGE_STANDARD = gnu11;
				GCC_DYNAMIC_NO_PIC = NO;
				GCC_NO_COMMON_BLOCKS = YES;
				GCC_OPTIMIZATION_LEVEL = 0;
				GCC_PREPROCESSOR_DEFINITIONS = (
					"DEBUG=1",
					"$(inherited)",
				);
				GCC_WARN_64_TO_32_BIT_CONVERSION = YES;
				GCC_WARN_ABOUT_RETURN_TYPE = YES_ERROR;
				GCC_WARN_UNDECLARED_SELECTOR = YES;
				GCC_WARN_UNINITIALIZED_AUTOS = YES_AGGRESSIVE;
				GCC_WARN_UNUSED_FUNCTION = YES;
				GCC_WARN_UNUSED_VARIABLE = YES;
				IPHONEOS_DEPLOYMENT_TARGET = 12.2;
				MTL_ENABLE_DEBUG_INFO = INCLUDE_SOURCE;
				MTL_FAST_MATH = YES;
				ONLY_ACTIVE_ARCH = YES;
				SDKROOT = iphoneos;
				SWIFT_ACTIVE_COMPILATION_CONDITIONS = DEBUG;
				SWIFT_OPTIMIZATION_LEVEL = "-Onone";
			};
			name = Debug;
		};
		F1E842F222E6FF230088AA47 /* Release */ = {
			isa = XCBuildConfiguration;
			buildSettings = {
				ALWAYS_SEARCH_USER_PATHS = NO;
				CLANG_ANALYZER_NONNULL = YES;
				CLANG_ANALYZER_NUMBER_OBJECT_CONVERSION = YES_AGGRESSIVE;
				CLANG_CXX_LANGUAGE_STANDARD = "gnu++14";
				CLANG_CXX_LIBRARY = "libc++";
				CLANG_ENABLE_MODULES = YES;
				CLANG_ENABLE_OBJC_ARC = YES;
				CLANG_ENABLE_OBJC_WEAK = YES;
				CLANG_WARN_BLOCK_CAPTURE_AUTORELEASING = YES;
				CLANG_WARN_BOOL_CONVERSION = YES;
				CLANG_WARN_COMMA = YES;
				CLANG_WARN_CONSTANT_CONVERSION = YES;
				CLANG_WARN_DEPRECATED_OBJC_IMPLEMENTATIONS = YES;
				CLANG_WARN_DIRECT_OBJC_ISA_USAGE = YES_ERROR;
				CLANG_WARN_DOCUMENTATION_COMMENTS = YES;
				CLANG_WARN_EMPTY_BODY = YES;
				CLANG_WARN_ENUM_CONVERSION = YES;
				CLANG_WARN_INFINITE_RECURSION = YES;
				CLANG_WARN_INT_CONVERSION = YES;
				CLANG_WARN_NON_LITERAL_NULL_CONVERSION = YES;
				CLANG_WARN_OBJC_IMPLICIT_RETAIN_SELF = YES;
				CLANG_WARN_OBJC_LITERAL_CONVERSION = YES;
				CLANG_WARN_OBJC_ROOT_CLASS = YES_ERROR;
				CLANG_WARN_RANGE_LOOP_ANALYSIS = YES;
				CLANG_WARN_STRICT_PROTOTYPES = YES;
				CLANG_WARN_SUSPICIOUS_MOVE = YES;
				CLANG_WARN_UNGUARDED_AVAILABILITY = YES_AGGRESSIVE;
				CLANG_WARN_UNREACHABLE_CODE = YES;
				CLANG_WARN__DUPLICATE_METHOD_MATCH = YES;
				CODE_SIGN_IDENTITY = "iPhone Developer";
				COPY_PHASE_STRIP = NO;
				DEBUG_INFORMATION_FORMAT = "dwarf-with-dsym";
				ENABLE_NS_ASSERTIONS = NO;
				ENABLE_STRICT_OBJC_MSGSEND = YES;
				GCC_C_LANGUAGE_STANDARD = gnu11;
				GCC_NO_COMMON_BLOCKS = YES;
				GCC_WARN_64_TO_32_BIT_CONVERSION = YES;
				GCC_WARN_ABOUT_RETURN_TYPE = YES_ERROR;
				GCC_WARN_UNDECLARED_SELECTOR = YES;
				GCC_WARN_UNINITIALIZED_AUTOS = YES_AGGRESSIVE;
				GCC_WARN_UNUSED_FUNCTION = YES;
				GCC_WARN_UNUSED_VARIABLE = YES;
				IPHONEOS_DEPLOYMENT_TARGET = 12.2;
				MTL_ENABLE_DEBUG_INFO = NO;
				MTL_FAST_MATH = YES;
				SDKROOT = iphoneos;
				SWIFT_COMPILATION_MODE = wholemodule;
				SWIFT_OPTIMIZATION_LEVEL = "-O";
				VALIDATE_PRODUCT = YES;
			};
			name = Release;
		};
		F1E842F422E6FF230088AA47 /* Debug */ = {
			isa = XCBuildConfiguration;
			baseConfigurationReference = F2B6A3894E87E16EE6AFAC0C /* Pods-VIPER Test.debug.xcconfig */;
			buildSettings = {
				ASSETCATALOG_COMPILER_APPICON_NAME = AppIcon;
				CODE_SIGN_STYLE = Automatic;
				INFOPLIST_FILE = "VIPER Test/Info.plist";
				LD_RUNPATH_SEARCH_PATHS = (
					"$(inherited)",
					"@executable_path/Frameworks",
				);
				PRODUCT_BUNDLE_IDENTIFIER = "money.VIPER-Test";
				PRODUCT_NAME = "$(TARGET_NAME)";
				SWIFT_VERSION = 5.0;
				TARGETED_DEVICE_FAMILY = "1,2";
			};
			name = Debug;
		};
		F1E842F522E6FF230088AA47 /* Release */ = {
			isa = XCBuildConfiguration;
			baseConfigurationReference = A534F01232A576C2BF12955D /* Pods-VIPER Test.release.xcconfig */;
			buildSettings = {
				ASSETCATALOG_COMPILER_APPICON_NAME = AppIcon;
				CODE_SIGN_STYLE = Automatic;
				INFOPLIST_FILE = "VIPER Test/Info.plist";
				LD_RUNPATH_SEARCH_PATHS = (
					"$(inherited)",
					"@executable_path/Frameworks",
				);
				PRODUCT_BUNDLE_IDENTIFIER = "money.VIPER-Test";
				PRODUCT_NAME = "$(TARGET_NAME)";
				SWIFT_VERSION = 5.0;
				TARGETED_DEVICE_FAMILY = "1,2";
			};
			name = Release;
		};
/* End XCBuildConfiguration section */

/* Begin XCConfigurationList section */
		F1E842DC22E6FF220088AA47 /* Build configuration list for PBXProject "VIPER Test" */ = {
			isa = XCConfigurationList;
			buildConfigurations = (
				F1E842F122E6FF230088AA47 /* Debug */,
				F1E842F222E6FF230088AA47 /* Release */,
			);
			defaultConfigurationIsVisible = 0;
			defaultConfigurationName = Release;
		};
		F1E842F322E6FF230088AA47 /* Build configuration list for PBXNativeTarget "VIPER Test" */ = {
			isa = XCConfigurationList;
			buildConfigurations = (
				F1E842F422E6FF230088AA47 /* Debug */,
				F1E842F522E6FF230088AA47 /* Release */,
			);
			defaultConfigurationIsVisible = 0;
			defaultConfigurationName = Release;
		};
/* End XCConfigurationList section */
	};
	rootObject = F1E842D922E6FF220088AA47 /* Project object */;
}
